ca-certificates=20250419~deb12u1
iptables=1.8.9-2
libexpat1:arm64=2.5.0-1+deb12u4
libgssapi-krb5-2:arm64=1.20.1-2+deb12u5
libip4tc2:arm64=1.8.9-2
libip6tc2:arm64=1.8.9-2
libk5crypto3:arm64=1.20.1-2+deb12u5
libkeyutils1:arm64=1.6.3-2
libkrb5-3:arm64=1.20.1-2+deb12u5
libkrb5support0:arm64=1.20.1-2+deb12u5
libmnl0:arm64=1.0.4-3
libncursesw6:arm64=6.4-4
libnetfilter-conntrack3:arm64=1.0.9-3
libnfnetlink0:arm64=1.0.2-2
libnftnl11:arm64=1.2.4-2
libnsl2:arm64=1.3.0-2
libpython3-stdlib:arm64=3.11.2-1+b1
libpython3.11-minimal:arm64=3.11.2-6+deb12u8
libpython3.11-stdlib:arm64=3.11.2-6+deb12u8
libreadline8:arm64=8.2-1.3
libsqlite3-0:arm64=3.40.1-2+deb12u2
libssl3:arm64=3.0.22-1~deb12u1
libtirpc-common=1.3.3+ds-1
libtirpc3:arm64=1.3.3+ds-1
libxtables12:arm64=1.8.9-2
media-types=10.0.0
netbase=6.4
openssl=3.0.22-1~deb12u1
python3=3.11.2-1+b1
python3-minimal=3.11.2-1+b1
python3.11=3.11.2-6+deb12u8
python3.11-minimal=3.11.2-6+deb12u8
readline-common=8.2-1.3
